
Microsoft Visual Studio Solution File, Format Version 12.00
Project("{FAE04EC0-301F-11D3-BF4B-00C04F79EFBC}") = "TodoAPI", "TodoAPI\TodoAPI.csproj", "{DC0FC05E-6646-4C95-8DFD-6313BAF65102}"
EndProject
Global
	GlobalSection(SolutionConfigurationPlatforms) = preSolution
		Debug|Any CPU = Debug|Any CPU
		Release|Any CPU = Release|Any CPU
	EndGlobalSection
	GlobalSection(ProjectConfigurationPlatforms) = postSolution
		{DC0FC05E-6646-4C95-8DFD-6313BAF65102}.Debug|Any CPU.ActiveCfg = Debug|Any CPU
		{DC0FC05E-6646-4C95-8DFD-6313BAF65102}.Debug|Any CPU.Build.0 = Debug|Any CPU
		{DC0FC05E-6646-4C95-8DFD-6313BAF65102}.Release|Any CPU.ActiveCfg = Release|Any CPU
		{DC0FC05E-6646-4C95-8DFD-6313BAF65102}.Release|Any CPU.Build.0 = Release|Any CPU
	EndGlobalSection
EndGlobal
