
Microsoft Visual Studio Solution File, Format Version 12.00
Project("{FAE04EC0-301F-11D3-BF4B-00C04F79EFBC}") = "TodoAPI", "TodoAPI\TodoAPI.csproj", "{DC0FC05E-6646-4C95-8DFD-6313BAF65102}"
EndProject
Project("{FAE04EC0-301F-11D3-BF4B-00C04F79EFBC}") = "TodoAPI.Tests", "TodoAPI.Tests\TodoAPI.Tests.csproj", "{CF393AB0-9D32-4D3B-A3B6-7E9FFF7A7E95}"
EndProject
Global
	GlobalSection(SolutionConfigurationPlatforms) = preSolution
		Debug|Any CPU = Debug|Any CPU
		Debug|x64 = Debug|x64
		Debug|x86 = Debug|x86
		Release|Any CPU = Release|Any CPU
		Release|x64 = Release|x64
		Release|x86 = Release|x86
	EndGlobalSection
	GlobalSection(ProjectConfigurationPlatforms) = postSolution
		{DC0FC05E-6646-4C95-8DFD-6313BAF65102}.Debug|Any CPU.ActiveCfg = Debug|Any CPU
		{DC0FC05E-6646-4C95-8DFD-6313BAF65102}.Debug|Any CPU.Build.0 = Debug|Any CPU
		{DC0FC05E-6646-4C95-8DFD-6313BAF65102}.Debug|x64.ActiveCfg = Debug|Any CPU
		{DC0FC05E-6646-4C95-8DFD-6313BAF65102}.Debug|x64.Build.0 = Debug|Any CPU
		{DC0FC05E-6646-4C95-8DFD-6313BAF65102}.Debug|x86.ActiveCfg = Debug|Any CPU
		{DC0FC05E-6646-4C95-8DFD-6313BAF65102}.Debug|x86.Build.0 = Debug|Any CPU
		{DC0FC05E-6646-4C95-8DFD-6313BAF65102}.Release|Any CPU.ActiveCfg = Release|Any CPU
		{DC0FC05E-6646-4C95-8DFD-6313BAF65102}.Release|Any CPU.Build.0 = Release|Any CPU
		{DC0FC05E-6646-4C95-8DFD-6313BAF65102}.Release|x64.ActiveCfg = Release|Any CPU
		{DC0FC05E-6646-4C95-8DFD-6313BAF65102}.Release|x64.Build.0 = Release|Any CPU
		{DC0FC05E-6646-4C95-8DFD-6313BAF65102}.Release|x86.ActiveCfg = Release|Any CPU
		{DC0FC05E-6646-4C95-8DFD-6313BAF65102}.Release|x86.Build.0 = Release|Any CPU
		{CF393AB0-9D32-4D3B-A3B6-7E9FFF7A7E95}.Debug|Any CPU.ActiveCfg = Debug|Any CPU
		{CF393AB0-9D32-4D3B-A3B6-7E9FFF7A7E95}.Debug|Any CPU.Build.0 = Debug|Any CPU
		{CF393AB0-9D32-4D3B-A3B6-7E9FFF7A7E95}.Debug|x64.ActiveCfg = Debug|Any CPU
		{CF393AB0-9D32-4D3B-A3B6-7E9FFF7A7E95}.Debug|x64.Build.0 = Debug|Any CPU
		{CF393AB0-9D32-4D3B-A3B6-7E9FFF7A7E95}.Debug|x86.ActiveCfg = Debug|Any CPU
		{CF393AB0-9D32-4D3B-A3B6-7E9FFF7A7E95}.Debug|x86.Build.0 = Debug|Any CPU
		{CF393AB0-9D32-4D3B-A3B6-7E9FFF7A7E95}.Release|Any CPU.ActiveCfg = Release|Any CPU
		{CF393AB0-9D32-4D3B-A3B6-7E9FFF7A7E95}.Release|Any CPU.Build.0 = Release|Any CPU
		{CF393AB0-9D32-4D3B-A3B6-7E9FFF7A7E95}.Release|x64.ActiveCfg = Release|Any CPU
		{CF393AB0-9D32-4D3B-A3B6-7E9FFF7A7E95}.Release|x64.Build.0 = Release|Any CPU
		{CF393AB0-9D32-4D3B-A3B6-7E9FFF7A7E95}.Release|x86.ActiveCfg = Release|Any CPU
		{CF393AB0-9D32-4D3B-A3B6-7E9FFF7A7E95}.Release|x86.Build.0 = Release|Any CPU
	EndGlobalSection
	GlobalSection(SolutionProperties) = preSolution
		HideSolutionNode = FALSE
	EndGlobalSection
EndGlobal
